
Microsoft Visual Studio Solution File, Format Version 12.00
# Visual Studio Version 17
VisualStudioVersion = 17.6.33723.286
MinimumVisualStudioVersion = 10.0.40219.1
Project("{FAE04EC0-301F-11D3-BF4B-00C04F79EFBC}") = "Onion", "Onion\Onion.csproj", "{69696E0C-18EA-446D-8E4A-5CF16F2D405B}"
EndProject
Global
	GlobalSection(SolutionConfigurationPlatforms) = preSolution
		Debug|Any CPU = Debug|Any CPU
		Release|Any CPU = Release|Any CPU
	EndGlobalSection
	GlobalSection(ProjectConfigurationPlatforms) = postSolution
		{69696E0C-18EA-446D-8E4A-5CF16F2D405B}.Debug|Any CPU.ActiveCfg = Debug|Any CPU
		{69696E0C-18EA-446D-8E4A-5CF16F2D405B}.Debug|Any CPU.Build.0 = Debug|Any CPU
		{69696E0C-18EA-446D-8E4A-5CF16F2D405B}.Release|Any CPU.ActiveCfg = Release|Any CPU
		{69696E0C-18EA-446D-8E4A-5CF16F2D405B}.Release|Any CPU.Build.0 = Release|Any CPU
	EndGlobalSection
	GlobalSection(SolutionProperties) = preSolution
		HideSolutionNode = FALSE
	EndGlobalSection
	GlobalSection(ExtensibilityGlobals) = postSolution
		SolutionGuid = {E8F6194F-E2E3-49BD-8564-663F4913881D}
	EndGlobalSection
EndGlobal
